# This file is automatically @generated by Cargo.
# It is not intended for manual editing.
version = 4

[[package]]
name = "chipi"
version = "0.2.0"
source = "registry+https://github.com/rust-lang/crates.io-index"
checksum = "295f11ed6a3856db92c677ac0e1d575bf6b6b6492011a364137accfa3d0b3532"

[[package]]
name = "gctool"
version = "0.1.0"
dependencies = [
 "chipi",
]
